
Microsoft Visual Studio Solution File, Format Version 12.00
# Visual Studio Version 17
VisualStudioVersion = 17.6.33712.159
MinimumVisualStudioVersion = 10.0.40219.1
Project("{8BC9CEB8-8B4A-11D0-8D11-00A0C91BC942}") = "A01", "A01\A01.vcxproj", "{E0203202-07BB-4A20-89C4-2CD053F079C4}"
EndProject
Project("{8BC9CEB8-8B4A-11D0-8D11-00A0C91BC942}") = "A02", "A02\A02.vcxproj", "{09816E73-EFE1-447D-8EE3-0F32EA7C8312}"
EndProject
Project("{8BC9CEB8-8B4A-11D0-8D11-00A0C91BC942}") = "A03", "A03\A03.vcxproj", "{F8425109-0DF3-4E29-B7F9-262F12D9E4BF}"
EndProject
Project("{8BC9CEB8-8B4A-11D0-8D11-00A0C91BC942}") = "a04", "a04\a04.vcxproj", "{E767D36D-9A7B-4A93-A03C-2D682E0C7A8C}"
EndProject
Project("{8BC9CEB8-8B4A-11D0-8D11-00A0C91BC942}") = "a05", "a05\a05.vcxproj", "{5B7C0212-741A-4130-B95E-8D2159D60A76}"
EndProject
Project("{8BC9CEB8-8B4A-11D0-8D11-00A0C91BC942}") = "a06", "a06\a06.vcxproj", "{F74E7C51-86B1-4C79-B7F9-754EE35E8C64}"
EndProject
Project("{8BC9CEB8-8B4A-11D0-8D11-00A0C91BC942}") = "a07", "a07\a07.vcxproj", "{BA32B87F-B424-4741-BAE5-026D2A51DED8}"
EndProject
Project("{8BC9CEB8-8B4A-11D0-8D11-00A0C91BC942}") = "a08", "a08\a08.vcxproj", "{4125AD4C-FBEA-448D-BEE4-5C96605CA641}"
EndProject
Project("{8BC9CEB8-8B4A-11D0-8D11-00A0C91BC942}") = "a09", "a09\a09.vcxproj", "{BE7BDC9B-F867-461F-9D57-2CC6F584DF50}"
EndProject
Project("{8BC9CEB8-8B4A-11D0-8D11-00A0C91BC942}") = "a10", "a10\a10.vcxproj", "{6CA8FD7C-AB61-4BB2-B1A8-BCE6A3FA369B}"
EndProject
Project("{8BC9CEB8-8B4A-11D0-8D11-00A0C91BC942}") = "a11", "a11\a11.vcxproj", "{73A7DDB5-C749-4643-AC3F-A139A9BA6A90}"
EndProject
Project("{8BC9CEB8-8B4A-11D0-8D11-00A0C91BC942}") = "a12", "a12\a12.vcxproj", "{CA594FD7-BCD2-4530-B78B-F0B2B02AFD22}"
EndProject
Project("{8BC9CEB8-8B4A-11D0-8D11-00A0C91BC942}") = "a13", "a13\a13.vcxproj", "{9679C6F1-553D-46D6-A259-9F24B593EE4F}"
EndProject
Project("{8BC9CEB8-8B4A-11D0-8D11-00A0C91BC942}") = "b01", "b01\b01.vcxproj", "{656F60A7-7287-4134-8B16-FA5148C2E6B0}"
EndProject
Project("{8BC9CEB8-8B4A-11D0-8D11-00A0C91BC942}") = "b02", "b02\b02.vcxproj", "{234A2F2E-47C8-41C4-BA0F-3F7F2C337DC2}"
EndProject
Project("{8BC9CEB8-8B4A-11D0-8D11-00A0C91BC942}") = "b03", "b03\b03.vcxproj", "{5273EC93-15C6-476B-BE02-6B8ACB47F4AD}"
EndProject
Project("{8BC9CEB8-8B4A-11D0-8D11-00A0C91BC942}") = "b04", "b04\b04.vcxproj", "{026658F3-7EDE-410F-BC56-F810B7E58727}"
EndProject
Project("{8BC9CEB8-8B4A-11D0-8D11-00A0C91BC942}") = "b06", "b06\b06.vcxproj", "{DBF790C6-C5D8-45E7-B27E-B842AAD8900E}"
EndProject
Project("{8BC9CEB8-8B4A-11D0-8D11-00A0C91BC942}") = "b07", "b07\b07.vcxproj", "{B57634CD-4C17-4A00-980F-56D7647D13F4}"
EndProject
Project("{8BC9CEB8-8B4A-11D0-8D11-00A0C91BC942}") = "b08", "b08\b08.vcxproj", "{400344FD-1F5C-4BD9-8E4B-800C73E7A5EC}"
EndProject
Project("{8BC9CEB8-8B4A-11D0-8D11-00A0C91BC942}") = "b09", "b09\b09.vcxproj", "{50A954C5-FCE4-4878-B403-2A156E40D356}"
EndProject
Project("{8BC9CEB8-8B4A-11D0-8D11-00A0C91BC942}") = "b11", "b11\b11.vcxproj", "{1FBF05ED-579C-4808-B76E-60D3BBED5793}"
EndProject
Project("{8BC9CEB8-8B4A-11D0-8D11-00A0C91BC942}") = "b12", "b12\b12.vcxproj", "{529DCA77-2494-4855-B7B5-2A321E2BC1A0}"
EndProject
Project("{8BC9CEB8-8B4A-11D0-8D11-00A0C91BC942}") = "B13", "B13\B13.vcxproj", "{1059F408-DB5B-48EE-A525-1CF0A43D5D8F}"
EndProject
Project("{8BC9CEB8-8B4A-11D0-8D11-00A0C91BC942}") = "syaku01", "syaku01\syaku01.vcxproj", "{8164FBE2-C01E-46ED-9297-7F977BDB7A8F}"
EndProject
Project("{8BC9CEB8-8B4A-11D0-8D11-00A0C91BC942}") = "syaku02", "syaku02\syaku02.vcxproj", "{CA49DA1C-80F2-412F-B153-F5E3129BF756}"
EndProject
Project("{8BC9CEB8-8B4A-11D0-8D11-00A0C91BC942}") = "a14", "a14\a14.vcxproj", "{B46789A7-9626-4824-8A27-503796EA5156}"
EndProject
Project("{8BC9CEB8-8B4A-11D0-8D11-00A0C91BC942}") = "b14", "b14\b14.vcxproj", "{25F5FD04-6D4F-4EC6-8A86-99A061C3BD4A}"
EndProject
Project("{8BC9CEB8-8B4A-11D0-8D11-00A0C91BC942}") = "b14_ans", "b14_ans\b14_ans.vcxproj", "{DC70F742-CF73-481F-AB3B-1D8450415B46}"
EndProject
Project("{8BC9CEB8-8B4A-11D0-8D11-00A0C91BC942}") = "bit_enum", "bit_enum\bit_enum.vcxproj", "{6670C408-7769-47CD-9ECF-AF95403364A3}"
EndProject
Global
	GlobalSection(SolutionConfigurationPlatforms) = preSolution
		Debug|x64 = Debug|x64
		Debug|x86 = Debug|x86
		Release|x64 = Release|x64
		Release|x86 = Release|x86
	EndGlobalSection
	GlobalSection(ProjectConfigurationPlatforms) = postSolution
		{E0203202-07BB-4A20-89C4-2CD053F079C4}.Debug|x64.ActiveCfg = Debug|x64
		{E0203202-07BB-4A20-89C4-2CD053F079C4}.Debug|x64.Build.0 = Debug|x64
		{E0203202-07BB-4A20-89C4-2CD053F079C4}.Debug|x86.ActiveCfg = Debug|Win32
		{E0203202-07BB-4A20-89C4-2CD053F079C4}.Debug|x86.Build.0 = Debug|Win32
		{E0203202-07BB-4A20-89C4-2CD053F079C4}.Release|x64.ActiveCfg = Release|x64
		{E0203202-07BB-4A20-89C4-2CD053F079C4}.Release|x64.Build.0 = Release|x64
		{E0203202-07BB-4A20-89C4-2CD053F079C4}.Release|x86.ActiveCfg = Release|Win32
		{E0203202-07BB-4A20-89C4-2CD053F079C4}.Release|x86.Build.0 = Release|Win32
		{09816E73-EFE1-447D-8EE3-0F32EA7C8312}.Debug|x64.ActiveCfg = Debug|x64
		{09816E73-EFE1-447D-8EE3-0F32EA7C8312}.Debug|x64.Build.0 = Debug|x64
		{09816E73-EFE1-447D-8EE3-0F32EA7C8312}.Debug|x86.ActiveCfg = Debug|Win32
		{09816E73-EFE1-447D-8EE3-0F32EA7C8312}.Debug|x86.Build.0 = Debug|Win32
		{09816E73-EFE1-447D-8EE3-0F32EA7C8312}.Release|x64.ActiveCfg = Release|x64
		{09816E73-EFE1-447D-8EE3-0F32EA7C8312}.Release|x64.Build.0 = Release|x64
		{09816E73-EFE1-447D-8EE3-0F32EA7C8312}.Release|x86.ActiveCfg = Release|Win32
		{09816E73-EFE1-447D-8EE3-0F32EA7C8312}.Release|x86.Build.0 = Release|Win32
		{F8425109-0DF3-4E29-B7F9-262F12D9E4BF}.Debug|x64.ActiveCfg = Debug|x64
		{F8425109-0DF3-4E29-B7F9-262F12D9E4BF}.Debug|x64.Build.0 = Debug|x64
		{F8425109-0DF3-4E29-B7F9-262F12D9E4BF}.Debug|x86.ActiveCfg = Debug|Win32
		{F8425109-0DF3-4E29-B7F9-262F12D9E4BF}.Debug|x86.Build.0 = Debug|Win32
		{F8425109-0DF3-4E29-B7F9-262F12D9E4BF}.Release|x64.ActiveCfg = Release|x64
		{F8425109-0DF3-4E29-B7F9-262F12D9E4BF}.Release|x64.Build.0 = Release|x64
		{F8425109-0DF3-4E29-B7F9-262F12D9E4BF}.Release|x86.ActiveCfg = Release|Win32
		{F8425109-0DF3-4E29-B7F9-262F12D9E4BF}.Release|x86.Build.0 = Release|Win32
		{E767D36D-9A7B-4A93-A03C-2D682E0C7A8C}.Debug|x64.ActiveCfg = Debug|x64
		{E767D36D-9A7B-4A93-A03C-2D682E0C7A8C}.Debug|x64.Build.0 = Debug|x64
		{E767D36D-9A7B-4A93-A03C-2D682E0C7A8C}.Debug|x86.ActiveCfg = Debug|Win32
		{E767D36D-9A7B-4A93-A03C-2D682E0C7A8C}.Debug|x86.Build.0 = Debug|Win32
		{E767D36D-9A7B-4A93-A03C-2D682E0C7A8C}.Release|x64.ActiveCfg = Release|x64
		{E767D36D-9A7B-4A93-A03C-2D682E0C7A8C}.Release|x64.Build.0 = Release|x64
		{E767D36D-9A7B-4A93-A03C-2D682E0C7A8C}.Release|x86.ActiveCfg = Release|Win32
		{E767D36D-9A7B-4A93-A03C-2D682E0C7A8C}.Release|x86.Build.0 = Release|Win32
		{5B7C0212-741A-4130-B95E-8D2159D60A76}.Debug|x64.ActiveCfg = Debug|x64
		{5B7C0212-741A-4130-B95E-8D2159D60A76}.Debug|x64.Build.0 = Debug|x64
		{5B7C0212-741A-4130-B95E-8D2159D60A76}.Debug|x86.ActiveCfg = Debug|Win32
		{5B7C0212-741A-4130-B95E-8D2159D60A76}.Debug|x86.Build.0 = Debug|Win32
		{5B7C0212-741A-4130-B95E-8D2159D60A76}.Release|x64.ActiveCfg = Release|x64
		{5B7C0212-741A-4130-B95E-8D2159D60A76}.Release|x64.Build.0 = Release|x64
		{5B7C0212-741A-4130-B95E-8D2159D60A76}.Release|x86.ActiveCfg = Release|Win32
		{5B7C0212-741A-4130-B95E-8D2159D60A76}.Release|x86.Build.0 = Release|Win32
		{F74E7C51-86B1-4C79-B7F9-754EE35E8C64}.Debug|x64.ActiveCfg = Debug|x64
		{F74E7C51-86B1-4C79-B7F9-754EE35E8C64}.Debug|x64.Build.0 = Debug|x64
		{F74E7C51-86B1-4C79-B7F9-754EE35E8C64}.Debug|x86.ActiveCfg = Debug|Win32
		{F74E7C51-86B1-4C79-B7F9-754EE35E8C64}.Debug|x86.Build.0 = Debug|Win32
		{F74E7C51-86B1-4C79-B7F9-754EE35E8C64}.Release|x64.ActiveCfg = Release|x64
		{F74E7C51-86B1-4C79-B7F9-754EE35E8C64}.Release|x64.Build.0 = Release|x64
		{F74E7C51-86B1-4C79-B7F9-754EE35E8C64}.Release|x86.ActiveCfg = Release|Win32
		{F74E7C51-86B1-4C79-B7F9-754EE35E8C64}.Release|x86.Build.0 = Release|Win32
		{BA32B87F-B424-4741-BAE5-026D2A51DED8}.Debug|x64.ActiveCfg = Debug|x64
		{BA32B87F-B424-4741-BAE5-026D2A51DED8}.Debug|x64.Build.0 = Debug|x64
		{BA32B87F-B424-4741-BAE5-026D2A51DED8}.Debug|x86.ActiveCfg = Debug|Win32
		{BA32B87F-B424-4741-BAE5-026D2A51DED8}.Debug|x86.Build.0 = Debug|Win32
		{BA32B87F-B424-4741-BAE5-026D2A51DED8}.Release|x64.ActiveCfg = Release|x64
		{BA32B87F-B424-4741-BAE5-026D2A51DED8}.Release|x64.Build.0 = Release|x64
		{BA32B87F-B424-4741-BAE5-026D2A51DED8}.Release|x86.ActiveCfg = Release|Win32
		{BA32B87F-B424-4741-BAE5-026D2A51DED8}.Release|x86.Build.0 = Release|Win32
		{4125AD4C-FBEA-448D-BEE4-5C96605CA641}.Debug|x64.ActiveCfg = Debug|x64
		{4125AD4C-FBEA-448D-BEE4-5C96605CA641}.Debug|x64.Build.0 = Debug|x64
		{4125AD4C-FBEA-448D-BEE4-5C96605CA641}.Debug|x86.ActiveCfg = Debug|Win32
		{4125AD4C-FBEA-448D-BEE4-5C96605CA641}.Debug|x86.Build.0 = Debug|Win32
		{4125AD4C-FBEA-448D-BEE4-5C96605CA641}.Release|x64.ActiveCfg = Release|x64
		{4125AD4C-FBEA-448D-BEE4-5C96605CA641}.Release|x64.Build.0 = Release|x64
		{4125AD4C-FBEA-448D-BEE4-5C96605CA641}.Release|x86.ActiveCfg = Release|Win32
		{4125AD4C-FBEA-448D-BEE4-5C96605CA641}.Release|x86.Build.0 = Release|Win32
		{BE7BDC9B-F867-461F-9D57-2CC6F584DF50}.Debug|x64.ActiveCfg = Debug|x64
		{BE7BDC9B-F867-461F-9D57-2CC6F584DF50}.Debug|x64.Build.0 = Debug|x64
		{BE7BDC9B-F867-461F-9D57-2CC6F584DF50}.Debug|x86.ActiveCfg = Debug|Win32
		{BE7BDC9B-F867-461F-9D57-2CC6F584DF50}.Debug|x86.Build.0 = Debug|Win32
		{BE7BDC9B-F867-461F-9D57-2CC6F584DF50}.Release|x64.ActiveCfg = Release|x64
		{BE7BDC9B-F867-461F-9D57-2CC6F584DF50}.Release|x64.Build.0 = Release|x64
		{BE7BDC9B-F867-461F-9D57-2CC6F584DF50}.Release|x86.ActiveCfg = Release|Win32
		{BE7BDC9B-F867-461F-9D57-2CC6F584DF50}.Release|x86.Build.0 = Release|Win32
		{6CA8FD7C-AB61-4BB2-B1A8-BCE6A3FA369B}.Debug|x64.ActiveCfg = Debug|x64
		{6CA8FD7C-AB61-4BB2-B1A8-BCE6A3FA369B}.Debug|x64.Build.0 = Debug|x64
		{6CA8FD7C-AB61-4BB2-B1A8-BCE6A3FA369B}.Debug|x86.ActiveCfg = Debug|Win32
		{6CA8FD7C-AB61-4BB2-B1A8-BCE6A3FA369B}.Debug|x86.Build.0 = Debug|Win32
		{6CA8FD7C-AB61-4BB2-B1A8-BCE6A3FA369B}.Release|x64.ActiveCfg = Release|x64
		{6CA8FD7C-AB61-4BB2-B1A8-BCE6A3FA369B}.Release|x64.Build.0 = Release|x64
		{6CA8FD7C-AB61-4BB2-B1A8-BCE6A3FA369B}.Release|x86.ActiveCfg = Release|Win32
		{6CA8FD7C-AB61-4BB2-B1A8-BCE6A3FA369B}.Release|x86.Build.0 = Release|Win32
		{73A7DDB5-C749-4643-AC3F-A139A9BA6A90}.Debug|x64.ActiveCfg = Debug|x64
		{73A7DDB5-C749-4643-AC3F-A139A9BA6A90}.Debug|x64.Build.0 = Debug|x64
		{73A7DDB5-C749-4643-AC3F-A139A9BA6A90}.Debug|x86.ActiveCfg = Debug|Win32
		{73A7DDB5-C749-4643-AC3F-A139A9BA6A90}.Debug|x86.Build.0 = Debug|Win32
		{73A7DDB5-C749-4643-AC3F-A139A9BA6A90}.Release|x64.ActiveCfg = Release|x64
		{73A7DDB5-C749-4643-AC3F-A139A9BA6A90}.Release|x64.Build.0 = Release|x64
		{73A7DDB5-C749-4643-AC3F-A139A9BA6A90}.Release|x86.ActiveCfg = Release|Win32
		{73A7DDB5-C749-4643-AC3F-A139A9BA6A90}.Release|x86.Build.0 = Release|Win32
		{CA594FD7-BCD2-4530-B78B-F0B2B02AFD22}.Debug|x64.ActiveCfg = Debug|x64
		{CA594FD7-BCD2-4530-B78B-F0B2B02AFD22}.Debug|x64.Build.0 = Debug|x64
		{CA594FD7-BCD2-4530-B78B-F0B2B02AFD22}.Debug|x86.ActiveCfg = Debug|Win32
		{CA594FD7-BCD2-4530-B78B-F0B2B02AFD22}.Debug|x86.Build.0 = Debug|Win32
		{CA594FD7-BCD2-4530-B78B-F0B2B02AFD22}.Release|x64.ActiveCfg = Release|x64
		{CA594FD7-BCD2-4530-B78B-F0B2B02AFD22}.Release|x64.Build.0 = Release|x64
		{CA594FD7-BCD2-4530-B78B-F0B2B02AFD22}.Release|x86.ActiveCfg = Release|Win32
		{CA594FD7-BCD2-4530-B78B-F0B2B02AFD22}.Release|x86.Build.0 = Release|Win32
		{9679C6F1-553D-46D6-A259-9F24B593EE4F}.Debug|x64.ActiveCfg = Debug|x64
		{9679C6F1-553D-46D6-A259-9F24B593EE4F}.Debug|x64.Build.0 = Debug|x64
		{9679C6F1-553D-46D6-A259-9F24B593EE4F}.Debug|x86.ActiveCfg = Debug|Win32
		{9679C6F1-553D-46D6-A259-9F24B593EE4F}.Debug|x86.Build.0 = Debug|Win32
		{9679C6F1-553D-46D6-A259-9F24B593EE4F}.Release|x64.ActiveCfg = Release|x64
		{9679C6F1-553D-46D6-A259-9F24B593EE4F}.Release|x64.Build.0 = Release|x64
		{9679C6F1-553D-46D6-A259-9F24B593EE4F}.Release|x86.ActiveCfg = Release|Win32
		{9679C6F1-553D-46D6-A259-9F24B593EE4F}.Release|x86.Build.0 = Release|Win32
		{656F60A7-7287-4134-8B16-FA5148C2E6B0}.Debug|x64.ActiveCfg = Debug|x64
		{656F60A7-7287-4134-8B16-FA5148C2E6B0}.Debug|x64.Build.0 = Debug|x64
		{656F60A7-7287-4134-8B16-FA5148C2E6B0}.Debug|x86.ActiveCfg = Debug|Win32
		{656F60A7-7287-4134-8B16-FA5148C2E6B0}.Debug|x86.Build.0 = Debug|Win32
		{656F60A7-7287-4134-8B16-FA5148C2E6B0}.Release|x64.ActiveCfg = Release|x64
		{656F60A7-7287-4134-8B16-FA5148C2E6B0}.Release|x64.Build.0 = Release|x64
		{656F60A7-7287-4134-8B16-FA5148C2E6B0}.Release|x86.ActiveCfg = Release|Win32
		{656F60A7-7287-4134-8B16-FA5148C2E6B0}.Release|x86.Build.0 = Release|Win32
		{234A2F2E-47C8-41C4-BA0F-3F7F2C337DC2}.Debug|x64.ActiveCfg = Debug|x64
		{234A2F2E-47C8-41C4-BA0F-3F7F2C337DC2}.Debug|x64.Build.0 = Debug|x64
		{234A2F2E-47C8-41C4-BA0F-3F7F2C337DC2}.Debug|x86.ActiveCfg = Debug|Win32
		{234A2F2E-47C8-41C4-BA0F-3F7F2C337DC2}.Debug|x86.Build.0 = Debug|Win32
		{234A2F2E-47C8-41C4-BA0F-3F7F2C337DC2}.Release|x64.ActiveCfg = Release|x64
		{234A2F2E-47C8-41C4-BA0F-3F7F2C337DC2}.Release|x64.Build.0 = Release|x64
		{234A2F2E-47C8-41C4-BA0F-3F7F2C337DC2}.Release|x86.ActiveCfg = Release|Win32
		{234A2F2E-47C8-41C4-BA0F-3F7F2C337DC2}.Release|x86.Build.0 = Release|Win32
		{5273EC93-15C6-476B-BE02-6B8ACB47F4AD}.Debug|x64.ActiveCfg = Debug|x64
		{5273EC93-15C6-476B-BE02-6B8ACB47F4AD}.Debug|x64.Build.0 = Debug|x64
		{5273EC93-15C6-476B-BE02-6B8ACB47F4AD}.Debug|x86.ActiveCfg = Debug|Win32
		{5273EC93-15C6-476B-BE02-6B8ACB47F4AD}.Debug|x86.Build.0 = Debug|Win32
		{5273EC93-15C6-476B-BE02-6B8ACB47F4AD}.Release|x64.ActiveCfg = Release|x64
		{5273EC93-15C6-476B-BE02-6B8ACB47F4AD}.Release|x64.Build.0 = Release|x64
		{5273EC93-15C6-476B-BE02-6B8ACB47F4AD}.Release|x86.ActiveCfg = Release|Win32
		{5273EC93-15C6-476B-BE02-6B8ACB47F4AD}.Release|x86.Build.0 = Release|Win32
		{026658F3-7EDE-410F-BC56-F810B7E58727}.Debug|x64.ActiveCfg = Debug|x64
		{026658F3-7EDE-410F-BC56-F810B7E58727}.Debug|x64.Build.0 = Debug|x64
		{026658F3-7EDE-410F-BC56-F810B7E58727}.Debug|x86.ActiveCfg = Debug|Win32
		{026658F3-7EDE-410F-BC56-F810B7E58727}.Debug|x86.Build.0 = Debug|Win32
		{026658F3-7EDE-410F-BC56-F810B7E58727}.Release|x64.ActiveCfg = Release|x64
		{026658F3-7EDE-410F-BC56-F810B7E58727}.Release|x64.Build.0 = Release|x64
		{026658F3-7EDE-410F-BC56-F810B7E58727}.Release|x86.ActiveCfg = Release|Win32
		{026658F3-7EDE-410F-BC56-F810B7E58727}.Release|x86.Build.0 = Release|Win32
		{DBF790C6-C5D8-45E7-B27E-B842AAD8900E}.Debug|x64.ActiveCfg = Debug|x64
		{DBF790C6-C5D8-45E7-B27E-B842AAD8900E}.Debug|x64.Build.0 = Debug|x64
		{DBF790C6-C5D8-45E7-B27E-B842AAD8900E}.Debug|x86.ActiveCfg = Debug|Win32
		{DBF790C6-C5D8-45E7-B27E-B842AAD8900E}.Debug|x86.Build.0 = Debug|Win32
		{DBF790C6-C5D8-45E7-B27E-B842AAD8900E}.Release|x64.ActiveCfg = Release|x64
		{DBF790C6-C5D8-45E7-B27E-B842AAD8900E}.Release|x64.Build.0 = Release|x64
		{DBF790C6-C5D8-45E7-B27E-B842AAD8900E}.Release|x86.ActiveCfg = Release|Win32
		{DBF790C6-C5D8-45E7-B27E-B842AAD8900E}.Release|x86.Build.0 = Release|Win32
		{B57634CD-4C17-4A00-980F-56D7647D13F4}.Debug|x64.ActiveCfg = Debug|x64
		{B57634CD-4C17-4A00-980F-56D7647D13F4}.Debug|x64.Build.0 = Debug|x64
		{B57634CD-4C17-4A00-980F-56D7647D13F4}.Debug|x86.ActiveCfg = Debug|Win32
		{B57634CD-4C17-4A00-980F-56D7647D13F4}.Debug|x86.Build.0 = Debug|Win32
		{B57634CD-4C17-4A00-980F-56D7647D13F4}.Release|x64.ActiveCfg = Release|x64
		{B57634CD-4C17-4A00-980F-56D7647D13F4}.Release|x64.Build.0 = Release|x64
		{B57634CD-4C17-4A00-980F-56D7647D13F4}.Release|x86.ActiveCfg = Release|Win32
		{B57634CD-4C17-4A00-980F-56D7647D13F4}.Release|x86.Build.0 = Release|Win32
		{400344FD-1F5C-4BD9-8E4B-800C73E7A5EC}.Debug|x64.ActiveCfg = Debug|x64
		{400344FD-1F5C-4BD9-8E4B-800C73E7A5EC}.Debug|x64.Build.0 = Debug|x64
		{400344FD-1F5C-4BD9-8E4B-800C73E7A5EC}.Debug|x86.ActiveCfg = Debug|Win32
		{400344FD-1F5C-4BD9-8E4B-800C73E7A5EC}.Debug|x86.Build.0 = Debug|Win32
		{400344FD-1F5C-4BD9-8E4B-800C73E7A5EC}.Release|x64.ActiveCfg = Release|x64
		{400344FD-1F5C-4BD9-8E4B-800C73E7A5EC}.Release|x64.Build.0 = Release|x64
		{400344FD-1F5C-4BD9-8E4B-800C73E7A5EC}.Release|x86.ActiveCfg = Release|Win32
		{400344FD-1F5C-4BD9-8E4B-800C73E7A5EC}.Release|x86.Build.0 = Release|Win32
		{50A954C5-FCE4-4878-B403-2A156E40D356}.Debug|x64.ActiveCfg = Debug|x64
		{50A954C5-FCE4-4878-B403-2A156E40D356}.Debug|x64.Build.0 = Debug|x64
		{50A954C5-FCE4-4878-B403-2A156E40D356}.Debug|x86.ActiveCfg = Debug|Win32
		{50A954C5-FCE4-4878-B403-2A156E40D356}.Debug|x86.Build.0 = Debug|Win32
		{50A954C5-FCE4-4878-B403-2A156E40D356}.Release|x64.ActiveCfg = Release|x64
		{50A954C5-FCE4-4878-B403-2A156E40D356}.Release|x64.Build.0 = Release|x64
		{50A954C5-FCE4-4878-B403-2A156E40D356}.Release|x86.ActiveCfg = Release|Win32
		{50A954C5-FCE4-4878-B403-2A156E40D356}.Release|x86.Build.0 = Release|Win32
		{1FBF05ED-579C-4808-B76E-60D3BBED5793}.Debug|x64.ActiveCfg = Debug|x64
		{1FBF05ED-579C-4808-B76E-60D3BBED5793}.Debug|x64.Build.0 = Debug|x64
		{1FBF05ED-579C-4808-B76E-60D3BBED5793}.Debug|x86.ActiveCfg = Debug|Win32
		{1FBF05ED-579C-4808-B76E-60D3BBED5793}.Debug|x86.Build.0 = Debug|Win32
		{1FBF05ED-579C-4808-B76E-60D3BBED5793}.Release|x64.ActiveCfg = Release|x64
		{1FBF05ED-579C-4808-B76E-60D3BBED5793}.Release|x64.Build.0 = Release|x64
		{1FBF05ED-579C-4808-B76E-60D3BBED5793}.Release|x86.ActiveCfg = Release|Win32
		{1FBF05ED-579C-4808-B76E-60D3BBED5793}.Release|x86.Build.0 = Release|Win32
		{529DCA77-2494-4855-B7B5-2A321E2BC1A0}.Debug|x64.ActiveCfg = Debug|x64
		{529DCA77-2494-4855-B7B5-2A321E2BC1A0}.Debug|x64.Build.0 = Debug|x64
		{529DCA77-2494-4855-B7B5-2A321E2BC1A0}.Debug|x86.ActiveCfg = Debug|Win32
		{529DCA77-2494-4855-B7B5-2A321E2BC1A0}.Debug|x86.Build.0 = Debug|Win32
		{529DCA77-2494-4855-B7B5-2A321E2BC1A0}.Release|x64.ActiveCfg = Release|x64
		{529DCA77-2494-4855-B7B5-2A321E2BC1A0}.Release|x64.Build.0 = Release|x64
		{529DCA77-2494-4855-B7B5-2A321E2BC1A0}.Release|x86.ActiveCfg = Release|Win32
		{529DCA77-2494-4855-B7B5-2A321E2BC1A0}.Release|x86.Build.0 = Release|Win32
		{1059F408-DB5B-48EE-A525-1CF0A43D5D8F}.Debug|x64.ActiveCfg = Debug|x64
		{1059F408-DB5B-48EE-A525-1CF0A43D5D8F}.Debug|x64.Build.0 = Debug|x64
		{1059F408-DB5B-48EE-A525-1CF0A43D5D8F}.Debug|x86.ActiveCfg = Debug|Win32
		{1059F408-DB5B-48EE-A525-1CF0A43D5D8F}.Debug|x86.Build.0 = Debug|Win32
		{1059F408-DB5B-48EE-A525-1CF0A43D5D8F}.Release|x64.ActiveCfg = Release|x64
		{1059F408-DB5B-48EE-A525-1CF0A43D5D8F}.Release|x64.Build.0 = Release|x64
		{1059F408-DB5B-48EE-A525-1CF0A43D5D8F}.Release|x86.ActiveCfg = Release|Win32
		{1059F408-DB5B-48EE-A525-1CF0A43D5D8F}.Release|x86.Build.0 = Release|Win32
		{8164FBE2-C01E-46ED-9297-7F977BDB7A8F}.Debug|x64.ActiveCfg = Debug|x64
		{8164FBE2-C01E-46ED-9297-7F977BDB7A8F}.Debug|x64.Build.0 = Debug|x64
		{8164FBE2-C01E-46ED-9297-7F977BDB7A8F}.Debug|x86.ActiveCfg = Debug|Win32
		{8164FBE2-C01E-46ED-9297-7F977BDB7A8F}.Debug|x86.Build.0 = Debug|Win32
		{8164FBE2-C01E-46ED-9297-7F977BDB7A8F}.Release|x64.ActiveCfg = Release|x64
		{8164FBE2-C01E-46ED-9297-7F977BDB7A8F}.Release|x64.Build.0 = Release|x64
		{8164FBE2-C01E-46ED-9297-7F977BDB7A8F}.Release|x86.ActiveCfg = Release|Win32
		{8164FBE2-C01E-46ED-9297-7F977BDB7A8F}.Release|x86.Build.0 = Release|Win32
		{CA49DA1C-80F2-412F-B153-F5E3129BF756}.Debug|x64.ActiveCfg = Debug|x64
		{CA49DA1C-80F2-412F-B153-F5E3129BF756}.Debug|x64.Build.0 = Debug|x64
		{CA49DA1C-80F2-412F-B153-F5E3129BF756}.Debug|x86.ActiveCfg = Debug|Win32
		{CA49DA1C-80F2-412F-B153-F5E3129BF756}.Debug|x86.Build.0 = Debug|Win32
		{CA49DA1C-80F2-412F-B153-F5E3129BF756}.Release|x64.ActiveCfg = Release|x64
		{CA49DA1C-80F2-412F-B153-F5E3129BF756}.Release|x64.Build.0 = Release|x64
		{CA49DA1C-80F2-412F-B153-F5E3129BF756}.Release|x86.ActiveCfg = Release|Win32
		{CA49DA1C-80F2-412F-B153-F5E3129BF756}.Release|x86.Build.0 = Release|Win32
		{B46789A7-9626-4824-8A27-503796EA5156}.Debug|x64.ActiveCfg = Debug|x64
		{B46789A7-9626-4824-8A27-503796EA5156}.Debug|x64.Build.0 = Debug|x64
		{B46789A7-9626-4824-8A27-503796EA5156}.Debug|x86.ActiveCfg = Debug|Win32
		{B46789A7-9626-4824-8A27-503796EA5156}.Debug|x86.Build.0 = Debug|Win32
		{B46789A7-9626-4824-8A27-503796EA5156}.Release|x64.ActiveCfg = Release|x64
		{B46789A7-9626-4824-8A27-503796EA5156}.Release|x64.Build.0 = Release|x64
		{B46789A7-9626-4824-8A27-503796EA5156}.Release|x86.ActiveCfg = Release|Win32
		{B46789A7-9626-4824-8A27-503796EA5156}.Release|x86.Build.0 = Release|Win32
		{25F5FD04-6D4F-4EC6-8A86-99A061C3BD4A}.Debug|x64.ActiveCfg = Debug|x64
		{25F5FD04-6D4F-4EC6-8A86-99A061C3BD4A}.Debug|x64.Build.0 = Debug|x64
		{25F5FD04-6D4F-4EC6-8A86-99A061C3BD4A}.Debug|x86.ActiveCfg = Debug|Win32
		{25F5FD04-6D4F-4EC6-8A86-99A061C3BD4A}.Debug|x86.Build.0 = Debug|Win32
		{25F5FD04-6D4F-4EC6-8A86-99A061C3BD4A}.Release|x64.ActiveCfg = Release|x64
		{25F5FD04-6D4F-4EC6-8A86-99A061C3BD4A}.Release|x64.Build.0 = Release|x64
		{25F5FD04-6D4F-4EC6-8A86-99A061C3BD4A}.Release|x86.ActiveCfg = Release|Win32
		{25F5FD04-6D4F-4EC6-8A86-99A061C3BD4A}.Release|x86.Build.0 = Release|Win32
		{DC70F742-CF73-481F-AB3B-1D8450415B46}.Debug|x64.ActiveCfg = Debug|x64
		{DC70F742-CF73-481F-AB3B-1D8450415B46}.Debug|x64.Build.0 = Debug|x64
		{DC70F742-CF73-481F-AB3B-1D8450415B46}.Debug|x86.ActiveCfg = Debug|Win32
		{DC70F742-CF73-481F-AB3B-1D8450415B46}.Debug|x86.Build.0 = Debug|Win32
		{DC70F742-CF73-481F-AB3B-1D8450415B46}.Release|x64.ActiveCfg = Release|x64
		{DC70F742-CF73-481F-AB3B-1D8450415B46}.Release|x64.Build.0 = Release|x64
		{DC70F742-CF73-481F-AB3B-1D8450415B46}.Release|x86.ActiveCfg = Release|Win32
		{DC70F742-CF73-481F-AB3B-1D8450415B46}.Release|x86.Build.0 = Release|Win32
		{6670C408-7769-47CD-9ECF-AF95403364A3}.Debug|x64.ActiveCfg = Debug|x64
		{6670C408-7769-47CD-9ECF-AF95403364A3}.Debug|x64.Build.0 = Debug|x64
		{6670C408-7769-47CD-9ECF-AF95403364A3}.Debug|x86.ActiveCfg = Debug|Win32
		{6670C408-7769-47CD-9ECF-AF95403364A3}.Debug|x86.Build.0 = Debug|Win32
		{6670C408-7769-47CD-9ECF-AF95403364A3}.Release|x64.ActiveCfg = Release|x64
		{6670C408-7769-47CD-9ECF-AF95403364A3}.Release|x64.Build.0 = Release|x64
		{6670C408-7769-47CD-9ECF-AF95403364A3}.Release|x86.ActiveCfg = Release|Win32
		{6670C408-7769-47CD-9ECF-AF95403364A3}.Release|x86.Build.0 = Release|Win32
	EndGlobalSection
	GlobalSection(SolutionProperties) = preSolution
		HideSolutionNode = FALSE
	EndGlobalSection
	GlobalSection(ExtensibilityGlobals) = postSolution
		SolutionGuid = {093E0B32-2C2B-4B34-BD46-6B5DF7732536}
	EndGlobalSection
EndGlobal
